// !$*UTF8*$!
{
	archiveVersion = 1;
	classes = {
	};
	objectVersion = 50;
	objects = {

/* Begin PBXBuildFile section */
		267C652EC19B8C9423E2D812 /* Pods_FirebaseTest.framework in Frameworks */ = {isa = PBXBuildFile; fileRef = 34B36097D082295F027454EA /* Pods_FirebaseTest.framework */; };
		781248AC211DF58900669019 /* AddNewFeedTableViewController.swift in Sources */ = {isa = PBXBuildFile; fileRef = 781248AB211DF58900669019 /* AddNewFeedTableViewController.swift */; };
		781248B1211DF79900669019 /* FeedItem.swift in Sources */ = {isa = PBXBuildFile; fileRef = 781248B0211DF79900669019 /* FeedItem.swift */; };
		781248B3211DF91100669019 /* GoogleService-Info.plist in Resources */ = {isa = PBXBuildFile; fileRef = 781248B2211DF91000669019 /* GoogleService-Info.plist */; };
		78BF09FB211ED40A00A274B1 /* MusicTableViewController.swift in Sources */ = {isa = PBXBuildFile; fileRef = 78BF09FA211ED40A00A274B1 /* MusicTableViewController.swift */; };
		78FD251B211DF26000425AC1 /* AppDelegate.swift in Sources */ = {isa = PBXBuildFile; fileRef = 78FD251A211DF26000425AC1 /* AppDelegate.swift */; };
		78FD251D211DF26000425AC1 /* ViewController.swift in Sources */ = {isa = PBXBuildFile; fileRef = 78FD251C211DF26000425AC1 /* ViewController.swift */; };
		78FD2520211DF26000425AC1 /* Main.storyboard in Resources */ = {isa = PBXBuildFile; fileRef = 78FD251E211DF26000425AC1 /* Main.storyboard */; };
		78FD2522211DF26200425AC1 /* Assets.xcassets in Resources */ = {isa = PBXBuildFile; fileRef = 78FD2521211DF26200425AC1 /* Assets.xcassets */; };
		78FD2525211DF26200425AC1 /* LaunchScreen.storyboard in Resources */ = {isa = PBXBuildFile; fileRef = 78FD2523211DF26200425AC1 /* LaunchScreen.storyboard */; };
		78FD252D211DF32E00425AC1 /* FeedTableViewCell.swift in Sources */ = {isa = PBXBuildFile; fileRef = 78FD252C211DF32E00425AC1 /* FeedTableViewCell.swift */; };
/* End PBXBuildFile section */

/* Begin PBXFileReference section */
		34B36097D082295F027454EA /* Pods_FirebaseTest.framework */ = {isa = PBXFileReference; explicitFileType = wrapper.framework; includeInIndex = 0; path = Pods_FirebaseTest.framework; sourceTree = BUILT_PRODUCTS_DIR; };
		5925B853DFC1E8079057A03D /* Pods-FirebaseTest.debug.xcconfig */ = {isa = PBXFileReference; includeInIndex = 1; lastKnownFileType = text.xcconfig; name = "Pods-FirebaseTest.debug.xcconfig"; path = "Pods/Target Support Files/Pods-FirebaseTest/Pods-FirebaseTest.debug.xcconfig"; sourceTree = "<group>"; };
		781248AB211DF58900669019 /* AddNewFeedTableViewController.swift */ = {isa = PBXFileReference; lastKnownFileType = sourcecode.swift; path = AddNewFeedTableViewController.swift; sourceTree = "<group>"; };
		781248B0211DF79900669019 /* FeedItem.swift */ = {isa = PBXFileReference; lastKnownFileType = sourcecode.swift; path = FeedItem.swift; sourceTree = "<group>"; };
		781248B2211DF91000669019 /* GoogleService-Info.plist */ = {isa = PBXFileReference; fileEncoding = 4; lastKnownFileType = text.plist.xml; path = "GoogleService-Info.plist"; sourceTree = "<group>"; };
		78BF09FA211ED40A00A274B1 /* MusicTableViewController.swift */ = {isa = PBXFileReference; lastKnownFileType = sourcecode.swift; path = MusicTableViewController.swift; sourceTree = "<group>"; };
		78FD2517211DF26000425AC1 /* FirebaseTest.app */ = {isa = PBXFileReference; explicitFileType = wrapper.application; includeInIndex = 0; path = FirebaseTest.app; sourceTree = BUILT_PRODUCTS_DIR; };
		78FD251A211DF26000425AC1 /* AppDelegate.swift */ = {isa = PBXFileReference; lastKnownFileType = sourcecode.swift; path = AppDelegate.swift; sourceTree = "<group>"; };
		78FD251C211DF26000425AC1 /* ViewController.swift */ = {isa = PBXFileReference; lastKnownFileType = sourcecode.swift; path = ViewController.swift; sourceTree = "<group>"; };
		78FD251F211DF26000425AC1 /* Base */ = {isa = PBXFileReference; lastKnownFileType = file.storyboard; name = Base; path = Base.lproj/Main.storyboard; sourceTree = "<group>"; };
		78FD2521211DF26200425AC1 /* Assets.xcassets */ = {isa = PBXFileReference; lastKnownFileType = folder.assetcatalog; path = Assets.xcassets; sourceTree = "<group>"; };
		78FD2524211DF26200425AC1 /* Base */ = {isa = PBXFileReference; lastKnownFileType = file.storyboard; name = Base; path = Base.lproj/LaunchScreen.storyboard; sourceTree = "<group>"; };
		78FD2526211DF26200425AC1 /* Info.plist */ = {isa = PBXFileReference; lastKnownFileType = text.plist.xml; path = Info.plist; sourceTree = "<group>"; };
		78FD252C211DF32E00425AC1 /* FeedTableViewCell.swift */ = {isa = PBXFileReference; lastKnownFileType = sourcecode.swift; path = FeedTableViewCell.swift; sourceTree = "<group>"; };
		F9FBE2EC29A60BF499EF9266 /* Pods-FirebaseTest.release.xcconfig */ = {isa = PBXFileReference; includeInIndex = 1; lastKnownFileType = text.xcconfig; name = "Pods-FirebaseTest.release.xcconfig"; path = "Pods/Target Support Files/Pods-FirebaseTest/Pods-FirebaseTest.release.xcconfig"; sourceTree = "<group>"; };
/* End PBXFileReference section */

/* Begin PBXFrameworksBuildPhase section */
		78FD2514211DF26000425AC1 /* Frameworks */ = {
			isa = PBXFrameworksBuildPhase;
			buildActionMask = 2147483647;
			files = (
				267C652EC19B8C9423E2D812 /* Pods_FirebaseTest.framework in Frameworks */,
			);
			runOnlyForDeploymentPostprocessing = 0;
		};
/* End PBXFrameworksBuildPhase section */

/* Begin PBXGroup section */
		0D96C4A3722FCA8D4AD065D7 /* Pods */ = {
			isa = PBXGroup;
			children = (
				5925B853DFC1E8079057A03D /* Pods-FirebaseTest.debug.xcconfig */,
				F9FBE2EC29A60BF499EF9266 /* Pods-FirebaseTest.release.xcconfig */,
			);
			name = Pods;
			sourceTree = "<group>";
		};
		6D3AAE4F7651D6F01E5D0DEE /* Frameworks */ = {
			isa = PBXGroup;
			children = (
				34B36097D082295F027454EA /* Pods_FirebaseTest.framework */,
			);
			name = Frameworks;
			sourceTree = "<group>";
		};
		781248AD211DF58D00669019 /* Controller */ = {
			isa = PBXGroup;
			children = (
				78BF09FA211ED40A00A274B1 /* MusicTableViewController.swift */,
				781248AB211DF58900669019 /* AddNewFeedTableViewController.swift */,
				78FD251C211DF26000425AC1 /* ViewController.swift */,
			);
			path = Controller;
			sourceTree = "<group>";
		};
		781248AE211DF59400669019 /* View */ = {
			isa = PBXGroup;
			children = (
				78FD252C211DF32E00425AC1 /* FeedTableViewCell.swift */,
				78FD251E211DF26000425AC1 /* Main.storyboard */,
			);
			path = View;
			sourceTree = "<group>";
		};
		781248AF211DF59700669019 /* Model */ = {
			isa = PBXGroup;
			children = (
				781248B0211DF79900669019 /* FeedItem.swift */,
			);
			path = Model;
			sourceTree = "<group>";
		};
		78FD250E211DF26000425AC1 = {
			isa = PBXGroup;
			children = (
				78FD2519211DF26000425AC1 /* FirebaseTest */,
				78FD2518211DF26000425AC1 /* Products */,
				0D96C4A3722FCA8D4AD065D7 /* Pods */,
				6D3AAE4F7651D6F01E5D0DEE /* Frameworks */,
			);
			sourceTree = "<group>";
		};
		78FD2518211DF26000425AC1 /* Products */ = {
			isa = PBXGroup;
			children = (
				78FD2517211DF26000425AC1 /* FirebaseTest.app */,
			);
			name = Products;
			sourceTree = "<group>";
		};
		78FD2519211DF26000425AC1 /* FirebaseTest */ = {
			isa = PBXGroup;
			children = (
				781248B2211DF91000669019 /* GoogleService-Info.plist */,
				781248AF211DF59700669019 /* Model */,
				781248AE211DF59400669019 /* View */,
				781248AD211DF58D00669019 /* Controller */,
				78FD251A211DF26000425AC1 /* AppDelegate.swift */,
				78FD2521211DF26200425AC1 /* Assets.xcassets */,
				78FD2523211DF26200425AC1 /* LaunchScreen.storyboard */,
				78FD2526211DF26200425AC1 /* Info.plist */,
			);
			path = FirebaseTest;
			sourceTree = "<group>";
		};
/* End PBXGroup section */

/* Begin PBXNativeTarget section */
		78FD2516211DF26000425AC1 /* FirebaseTest */ = {
			isa = PBXNativeTarget;
			buildConfigurationList = 78FD2529211DF26200425AC1 /* Build configuration list for PBXNativeTarget "FirebaseTest" */;
			buildPhases = (
				C896F1B0B6E7FC4D22C43701 /* [CP] Check Pods Manifest.lock */,
				78FD2513211DF26000425AC1 /* Sources */,
				78FD2514211DF26000425AC1 /* Frameworks */,
				78FD2515211DF26000425AC1 /* Resources */,
				ABBF1FEB5010F132EF18649E /* [CP] Embed Pods Frameworks */,
			);
			buildRules = (
			);
			dependencies = (
			);
			name = FirebaseTest;
			productName = FirebaseTest;
			productReference = 78FD2517211DF26000425AC1 /* FirebaseTest.app */;
			productType = "com.apple.product-type.application";
		};
/* End PBXNativeTarget section */

/* Begin PBXProject section */
		78FD250F211DF26000425AC1 /* Project object */ = {
			isa = PBXProject;
			attributes = {
				LastSwiftUpdateCheck = 0940;
				LastUpgradeCheck = 0940;
				ORGANIZATIONNAME = "Euijoon Jung";
				TargetAttributes = {
					78FD2516211DF26000425AC1 = {
						CreatedOnToolsVersion = 9.4.1;
					};
				};
			};
			buildConfigurationList = 78FD2512211DF26000425AC1 /* Build configuration list for PBXProject "FirebaseTest" */;
			compatibilityVersion = "Xcode 9.3";
			developmentRegion = en;
			hasScannedForEncodings = 0;
			knownRegions = (
				en,
				Base,
			);
			mainGroup = 78FD250E211DF26000425AC1;
			productRefGroup = 78FD2518211DF26000425AC1 /* Products */;
			projectDirPath = "";
			projectRoot = "";
			targets = (
				78FD2516211DF26000425AC1 /* FirebaseTest */,
			);
		};
/* End PBXProject section */

/* Begin PBXResourcesBuildPhase section */
		78FD2515211DF26000425AC1 /* Resources */ = {
			isa = PBXResourcesBuildPhase;
			buildActionMask = 2147483647;
			files = (
				78FD2525211DF26200425AC1 /* LaunchScreen.storyboard in Resources */,
				781248B3211DF91100669019 /* GoogleService-Info.plist in Resources */,
				78FD2522211DF26200425AC1 /* Assets.xcassets in Resources */,
				78FD2520211DF26000425AC1 /* Main.storyboard in Resources */,
			);
			runOnlyForDeploymentPostprocessing = 0;
		};
/* End PBXResourcesBuildPhase section */

/* Begin PBXShellScriptBuildPhase section */
		ABBF1FEB5010F132EF18649E /* [CP] Embed Pods Frameworks */ = {
			isa = PBXShellScriptBuildPhase;
			buildActionMask = 2147483647;
			files = (
			);
			inputPaths = (
				"${SRCROOT}/Pods/Target Support Files/Pods-FirebaseTest/Pods-FirebaseTest-frameworks.sh",
				"${BUILT_PRODUCTS_DIR}/Alamofire/Alamofire.framework",
				"${BUILT_PRODUCTS_DIR}/ChameleonFramework/ChameleonFramework.framework",
				"${BUILT_PRODUCTS_DIR}/GTMSessionFetcher/GTMSessionFetcher.framework",
				"${BUILT_PRODUCTS_DIR}/GoogleToolboxForMac/GoogleToolboxForMac.framework",
				"${BUILT_PRODUCTS_DIR}/SDWebImage/SDWebImage.framework",
				"${BUILT_PRODUCTS_DIR}/SVProgressHUD/SVProgressHUD.framework",
				"${BUILT_PRODUCTS_DIR}/leveldb-library/leveldb.framework",
				"${BUILT_PRODUCTS_DIR}/nanopb/nanopb.framework",
			);
			name = "[CP] Embed Pods Frameworks";
			outputPaths = (
				"${TARGET_BUILD_DIR}/${FRAMEWORKS_FOLDER_PATH}/Alamofire.framework",
				"${TARGET_BUILD_DIR}/${FRAMEWORKS_FOLDER_PATH}/ChameleonFramework.framework",
				"${TARGET_BUILD_DIR}/${FRAMEWORKS_FOLDER_PATH}/GTMSessionFetcher.framework",
				"${TARGET_BUILD_DIR}/${FRAMEWORKS_FOLDER_PATH}/GoogleToolboxForMac.framework",
				"${TARGET_BUILD_DIR}/${FRAMEWORKS_FOLDER_PATH}/SDWebImage.framework",
				"${TARGET_BUILD_DIR}/${FRAMEWORKS_FOLDER_PATH}/SVProgressHUD.framework",
				"${TARGET_BUILD_DIR}/${FRAMEWORKS_FOLDER_PATH}/leveldb.framework",
				"${TARGET_BUILD_DIR}/${FRAMEWORKS_FOLDER_PATH}/nanopb.framework",
			);
			runOnlyForDeploymentPostprocessing = 0;
			shellPath = /bin/sh;
			shellScript = "\"${SRCROOT}/Pods/Target Support Files/Pods-FirebaseTest/Pods-FirebaseTest-frameworks.sh\"\n";
			showEnvVarsInLog = 0;
		};
		C896F1B0B6E7FC4D22C43701 /* [CP] Check Pods Manifest.lock */ = {
			isa = PBXShellScriptBuildPhase;
			buildActionMask = 2147483647;
			files = (
			);
			inputPaths = (
				"${PODS_PODFILE_DIR_PATH}/Podfile.lock",
				"${PODS_ROOT}/Manifest.lock",
			);
			name = "[CP] Check Pods Manifest.lock";
			outputPaths = (
				"$(DERIVED_FILE_DIR)/Pods-FirebaseTest-checkManifestLockResult.txt",
			);
			runOnlyForDeploymentPostprocessing = 0;
			shellPath = /bin/sh;
			shellScript = "diff \"${PODS_PODFILE_DIR_PATH}/Podfile.lock\" \"${PODS_ROOT}/Manifest.lock\" > /dev/null\nif [ $? != 0 ] ; then\n    # print error to STDERR\n    echo \"error: The sandbox is not in sync with the Podfile.lock. Run 'pod install' or update your CocoaPods installation.\" >&2\n    exit 1\nfi\n# This output is used by Xcode 'outputs' to avoid re-running this script phase.\necho \"SUCCESS\" > \"${SCRIPT_OUTPUT_FILE_0}\"\n";
			showEnvVarsInLog = 0;
		};
/* End PBXShellScriptBuildPhase section */

/* Begin PBXSourcesBuildPhase section */
		78FD2513211DF26000425AC1 /* Sources */ = {
			isa = PBXSourcesBuildPhase;
			buildActionMask = 2147483647;
			files = (
				781248AC211DF58900669019 /* AddNewFeedTableViewController.swift in Sources */,
				78FD251D211DF26000425AC1 /* ViewController.swift in Sources */,
				78FD252D211DF32E00425AC1 /* FeedTableViewCell.swift in Sources */,
				781248B1211DF79900669019 /* FeedItem.swift in Sources */,
				78FD251B211DF26000425AC1 /* AppDelegate.swift in Sources */,
				78BF09FB211ED40A00A274B1 /* MusicTableViewController.swift in Sources */,
			);
			runOnlyForDeploymentPostprocessing = 0;
		};
/* End PBXSourcesBuildPhase section */

/* Begin PBXVariantGroup section */
		78FD251E211DF26000425AC1 /* Main.storyboard */ = {
			isa = PBXVariantGroup;
			children = (
				78FD251F211DF26000425AC1 /* Base */,
			);
			name = Main.storyboard;
			sourceTree = "<group>";
		};
		78FD2523211DF26200425AC1 /* LaunchScreen.storyboard */ = {
			isa = PBXVariantGroup;
			children = (
				78FD2524211DF26200425AC1 /* Base */,
			);
			name = LaunchScreen.storyboard;
			sourceTree = "<group>";
		};
/* End PBXVariantGroup section */

/* Begin XCBuildConfiguration section */
		78FD2527211DF26200425AC1 /* Debug */ = {
			isa = XCBuildConfiguration;
			buildSettings = {
				ALWAYS_SEARCH_USER_PATHS = NO;
				CLANG_ANALYZER_NONNULL = YES;
				CLANG_ANALYZER_NUMBER_OBJECT_CONVERSION = YES_AGGRESSIVE;
				CLANG_CXX_LANGUAGE_STANDARD = "gnu++14";
				CLANG_CXX_LIBRARY = "libc++";
				CLANG_ENABLE_MODULES = YES;
				CLANG_ENABLE_OBJC_ARC = YES;
				CLANG_ENABLE_OBJC_WEAK = YES;
				CLANG_WARN_BLOCK_CAPTURE_AUTORELEASING = YES;
				CLANG_WARN_BOOL_CONVERSION = YES;
				CLANG_WARN_COMMA = YES;
				CLANG_WARN_CONSTANT_CONVERSION = YES;
				CLANG_WARN_DEPRECATED_OBJC_IMPLEMENTATIONS = YES;
				CLANG_WARN_DIRECT_OBJC_ISA_USAGE = YES_ERROR;
				CLANG_WARN_DOCUMENTATION_COMMENTS = YES;
				CLANG_WARN_EMPTY_BODY = YES;
				CLANG_WARN_ENUM_CONVERSION = YES;
				CLANG_WARN_INFINITE_RECURSION = YES;
				CLANG_WARN_INT_CONVERSION = YES;
				CLANG_WARN_NON_LITERAL_NULL_CONVERSION = YES;
				CLANG_WARN_OBJC_IMPLICIT_RETAIN_SELF = YES;
				CLANG_WARN_OBJC_LITERAL_CONVERSION = YES;
				CLANG_WARN_OBJC_ROOT_CLASS = YES_ERROR;
				CLANG_WARN_RANGE_LOOP_ANALYSIS = YES;
				CLANG_WARN_STRICT_PROTOTYPES = YES;
				CLANG_WARN_SUSPICIOUS_MOVE = YES;
				CLANG_WARN_UNGUARDED_AVAILABILITY = YES_AGGRESSIVE;
				CLANG_WARN_UNREACHABLE_CODE = YES;
				CLANG_WARN__DUPLICATE_METHOD_MATCH = YES;
				CODE_SIGN_IDENTITY = "iPhone Developer";
				COPY_PHASE_STRIP = NO;
				DEBUG_INFORMATION_FORMAT = dwarf;
				ENABLE_STRICT_OBJC_MSGSEND = YES;
				ENABLE_TESTABILITY = YES;
				GCC_C_LANGUAGE_STANDARD = gnu11;
				GCC_DYNAMIC_NO_PIC = NO;
				GCC_NO_COMMON_BLOCKS = YES;
				GCC_OPTIMIZATION_LEVEL = 0;
				GCC_PREPROCESSOR_DEFINITIONS = (
					"DEBUG=1",
					"$(inherited)",
				);
				GCC_WARN_64_TO_32_BIT_CONVERSION = YES;
				GCC_WARN_ABOUT_RETURN_TYPE = YES_ERROR;
				GCC_WARN_UNDECLARED_SELECTOR = YES;
				GCC_WARN_UNINITIALIZED_AUTOS = YES_AGGRESSIVE;
				GCC_WARN_UNUSED_FUNCTION = YES;
				GCC_WARN_UNUSED_VARIABLE = YES;
				IPHONEOS_DEPLOYMENT_TARGET = 11.4;
				MTL_ENABLE_DEBUG_INFO = YES;
				ONLY_ACTIVE_ARCH = YES;
				SDKROOT = iphoneos;
				SWIFT_ACTIVE_COMPILATION_CONDITIONS = DEBUG;
				SWIFT_OPTIMIZATION_LEVEL = "-Onone";
			};
			name = Debug;
		};
		78FD2528211DF26200425AC1 /* Release */ = {
			isa = XCBuildConfiguration;
			buildSettings = {
				ALWAYS_SEARCH_USER_PATHS = NO;
				CLANG_ANALYZER_NONNULL = YES;
				CLANG_ANALYZER_NUMBER_OBJECT_CONVERSION = YES_AGGRESSIVE;
				CLANG_CXX_LANGUAGE_STANDARD = "gnu++14";
				CLANG_CXX_LIBRARY = "libc++";
				CLANG_ENABLE_MODULES = YES;
				CLANG_ENABLE_OBJC_ARC = YES;
				CLANG_ENABLE_OBJC_WEAK = YES;
				CLANG_WARN_BLOCK_CAPTURE_AUTORELEASING = YES;
				CLANG_WARN_BOOL_CONVERSION = YES;
				CLANG_WARN_COMMA = YES;
				CLANG_WARN_CONSTANT_CONVERSION = YES;
				CLANG_WARN_DEPRECATED_OBJC_IMPLEMENTATIONS = YES;
				CLANG_WARN_DIRECT_OBJC_ISA_USAGE = YES_ERROR;
				CLANG_WARN_DOCUMENTATION_COMMENTS = YES;
				CLANG_WARN_EMPTY_BODY = YES;
				CLANG_WARN_ENUM_CONVERSION = YES;
				CLANG_WARN_INFINITE_RECURSION = YES;
				CLANG_WARN_INT_CONVERSION = YES;
				CLANG_WARN_NON_LITERAL_NULL_CONVERSION = YES;
				CLANG_WARN_OBJC_IMPLICIT_RETAIN_SELF = YES;
				CLANG_WARN_OBJC_LITERAL_CONVERSION = YES;
				CLANG_WARN_OBJC_ROOT_CLASS = YES_ERROR;
				CLANG_WARN_RANGE_LOOP_ANALYSIS = YES;
				CLANG_WARN_STRICT_PROTOTYPES = YES;
				CLANG_WARN_SUSPICIOUS_MOVE = YES;
				CLANG_WARN_UNGUARDED_AVAILABILITY = YES_AGGRESSIVE;
				CLANG_WARN_UNREACHABLE_CODE = YES;
				CLANG_WARN__DUPLICATE_METHOD_MATCH = YES;
				CODE_SIGN_IDENTITY = "iPhone Developer";
				COPY_PHASE_STRIP = NO;
				DEBUG_INFORMATION_FORMAT = "dwarf-with-dsym";
				ENABLE_NS_ASSERTIONS = NO;
				ENABLE_STRICT_OBJC_MSGSEND = YES;
				GCC_C_LANGUAGE_STANDARD = gnu11;
				GCC_NO_COMMON_BLOCKS = YES;
				GCC_WARN_64_TO_32_BIT_CONVERSION = YES;
				GCC_WARN_ABOUT_RETURN_TYPE = YES_ERROR;
				GCC_WARN_UNDECLARED_SELECTOR = YES;
				GCC_WARN_UNINITIALIZED_AUTOS = YES_AGGRESSIVE;
				GCC_WARN_UNUSED_FUNCTION = YES;
				GCC_WARN_UNUSED_VARIABLE = YES;
				IPHONEOS_DEPLOYMENT_TARGET = 11.4;
				MTL_ENABLE_DEBUG_INFO = NO;
				SDKROOT = iphoneos;
				SWIFT_COMPILATION_MODE = wholemodule;
				SWIFT_OPTIMIZATION_LEVEL = "-O";
				VALIDATE_PRODUCT = YES;
			};
			name = Release;
		};
		78FD252A211DF26200425AC1 /* Debug */ = {
			isa = XCBuildConfiguration;
			baseConfigurationReference = 5925B853DFC1E8079057A03D /* Pods-FirebaseTest.debug.xcconfig */;
			buildSettings = {
				ASSETCATALOG_COMPILER_APPICON_NAME = AppIcon;
				CODE_SIGN_STYLE = Automatic;
				DEVELOPMENT_TEAM = 8788R8265L;
				INFOPLIST_FILE = FirebaseTest/Info.plist;
				LD_RUNPATH_SEARCH_PATHS = (
					"$(inherited)",
					"@executable_path/Frameworks",
				);
				PRODUCT_BUNDLE_IDENTIFIER = com.euijoon.FirebaseTest;
				PRODUCT_NAME = "$(TARGET_NAME)";
				SWIFT_VERSION = 4.0;
				TARGETED_DEVICE_FAMILY = "1,2";
			};
			name = Debug;
		};
		78FD252B211DF26200425AC1 /* Release */ = {
			isa = XCBuildConfiguration;
			baseConfigurationReference = F9FBE2EC29A60BF499EF9266 /* Pods-FirebaseTest.release.xcconfig */;
			buildSettings = {
				ASSETCATALOG_COMPILER_APPICON_NAME = AppIcon;
				CODE_SIGN_STYLE = Automatic;
				DEVELOPMENT_TEAM = 8788R8265L;
				INFOPLIST_FILE = FirebaseTest/Info.plist;
				LD_RUNPATH_SEARCH_PATHS = (
					"$(inherited)",
					"@executable_path/Frameworks",
				);
				PRODUCT_BUNDLE_IDENTIFIER = com.euijoon.FirebaseTest;
				PRODUCT_NAME = "$(TARGET_NAME)";
				SWIFT_VERSION = 4.0;
				TARGETED_DEVICE_FAMILY = "1,2";
			};
			name = Release;
		};
/* End XCBuildConfiguration section */

/* Begin XCConfigurationList section */
		78FD2512211DF26000425AC1 /* Build configuration list for PBXProject "FirebaseTest" */ = {
			isa = XCConfigurationList;
			buildConfigurations = (
				78FD2527211DF26200425AC1 /* Debug */,
				78FD2528211DF26200425AC1 /* Release */,
			);
			defaultConfigurationIsVisible = 0;
			defaultConfigurationName = Release;
		};
		78FD2529211DF26200425AC1 /* Build configuration list for PBXNativeTarget "FirebaseTest" */ = {
			isa = XCConfigurationList;
			buildConfigurations = (
				78FD252A211DF26200425AC1 /* Debug */,
				78FD252B211DF26200425AC1 /* Release */,
			);
			defaultConfigurationIsVisible = 0;
			defaultConfigurationName = Release;
		};
/* End XCConfigurationList section */
	};
	rootObject = 78FD250F211DF26000425AC1 /* Project object */;
}
